
Microsoft Visual Studio Solution File, Format Version 12.00
# Visual Studio Version 16
VisualStudioVersion = 16.0.30011.22
MinimumVisualStudioVersion = 10.0.40219.1
Project("{9A19103F-16F7-4668-BE54-9A1E7A4F7556}") = "SessionControl", "SessionControl\SessionControl.csproj", "{E5E435D6-93E6-4ADE-A758-12162C478094}"
EndProject
Project("{9A19103F-16F7-4668-BE54-9A1E7A4F7556}") = "BackgroundWorker", "BackgroundWorker\BackgroundWorker.csproj", "{C4BCC255-BA30-45D2-BEC7-E7C03B288F1C}"
EndProject
Project("{FAE04EC0-301F-11D3-BF4B-00C04F79EFBC}") = "VideoPlayer", "VideoPlayer\VideoPlayer.csproj", "{14FBB984-D616-4809-A3BE-F70F5D414FED}"
EndProject
Global
	GlobalSection(SolutionConfigurationPlatforms) = preSolution
		Debug|Any CPU = Debug|Any CPU
		Release|Any CPU = Release|Any CPU
	EndGlobalSection
	GlobalSection(ProjectConfigurationPlatforms) = postSolution
		{E5E435D6-93E6-4ADE-A758-12162C478094}.Debug|Any CPU.ActiveCfg = Debug|Any CPU
		{E5E435D6-93E6-4ADE-A758-12162C478094}.Debug|Any CPU.Build.0 = Debug|Any CPU
		{E5E435D6-93E6-4ADE-A758-12162C478094}.Release|Any CPU.ActiveCfg = Release|Any CPU
		{E5E435D6-93E6-4ADE-A758-12162C478094}.Release|Any CPU.Build.0 = Release|Any CPU
		{C4BCC255-BA30-45D2-BEC7-E7C03B288F1C}.Debug|Any CPU.ActiveCfg = Debug|Any CPU
		{C4BCC255-BA30-45D2-BEC7-E7C03B288F1C}.Debug|Any CPU.Build.0 = Debug|Any CPU
		{C4BCC255-BA30-45D2-BEC7-E7C03B288F1C}.Release|Any CPU.ActiveCfg = Release|Any CPU
		{C4BCC255-BA30-45D2-BEC7-E7C03B288F1C}.Release|Any CPU.Build.0 = Release|Any CPU
		{14FBB984-D616-4809-A3BE-F70F5D414FED}.Debug|Any CPU.ActiveCfg = Debug|Any CPU
		{14FBB984-D616-4809-A3BE-F70F5D414FED}.Debug|Any CPU.Build.0 = Debug|Any CPU
		{14FBB984-D616-4809-A3BE-F70F5D414FED}.Release|Any CPU.ActiveCfg = Release|Any CPU
		{14FBB984-D616-4809-A3BE-F70F5D414FED}.Release|Any CPU.Build.0 = Release|Any CPU
	EndGlobalSection
	GlobalSection(SolutionProperties) = preSolution
		HideSolutionNode = FALSE
	EndGlobalSection
	GlobalSection(ExtensibilityGlobals) = postSolution
		SolutionGuid = {8EE0D9C3-6649-4AB2-B5A8-6DB9786B3708}
	EndGlobalSection
EndGlobal
